
Microsoft Visual Studio Solution File, Format Version 12.00
# Visual Studio Version 17
VisualStudioVersion = 17.7.34031.279
MinimumVisualStudioVersion = 10.0.40219.1
Project("{FAE04EC0-301F-11D3-BF4B-00C04F79EFBC}") = "CI-CD Project", "CI-CD Project\CI-CD Project.csproj", "{CF6B1C92-EB49-417E-81F8-3AF0898DCE67}"
EndProject
Global
	GlobalSection(SolutionConfigurationPlatforms) = preSolution
		Debug|Any CPU = Debug|Any CPU
		Release|Any CPU = Release|Any CPU
	EndGlobalSection
	GlobalSection(ProjectConfigurationPlatforms) = postSolution
		{CF6B1C92-EB49-417E-81F8-3AF0898DCE67}.Debug|Any CPU.ActiveCfg = Debug|Any CPU
		{CF6B1C92-EB49-417E-81F8-3AF0898DCE67}.Debug|Any CPU.Build.0 = Debug|Any CPU
		{CF6B1C92-EB49-417E-81F8-3AF0898DCE67}.Release|Any CPU.ActiveCfg = Release|Any CPU
		{CF6B1C92-EB49-417E-81F8-3AF0898DCE67}.Release|Any CPU.Build.0 = Release|Any CPU
	EndGlobalSection
	GlobalSection(SolutionProperties) = preSolution
		HideSolutionNode = FALSE
	EndGlobalSection
	GlobalSection(ExtensibilityGlobals) = postSolution
		SolutionGuid = {D55D631B-5AD6-4BA5-8DEE-C07CF08330B3}
	EndGlobalSection
EndGlobal
